
Microsoft Visual Studio Solution File, Format Version 12.00
# Visual Studio Version 17
VisualStudioVersion = 17.14.36616.10 d17.14
MinimumVisualStudioVersion = 10.0.40219.1
Project("{FAE04EC0-301F-11D3-BF4B-00C04F79EFBC}") = "ToDoWebApp", "ToDoWebApp.csproj", "{4902FA42-22AA-4B47-8830-EB27C3EB0433}"
EndProject
Global
	GlobalSection(SolutionConfigurationPlatforms) = preSolution
		Debug|Any CPU = Debug|Any CPU
		Release|Any CPU = Release|Any CPU
	EndGlobalSection
	GlobalSection(ProjectConfigurationPlatforms) = postSolution
		{4902FA42-22AA-4B47-8830-EB27C3EB0433}.Debug|Any CPU.ActiveCfg = Debug|Any CPU
		{4902FA42-22AA-4B47-8830-EB27C3EB0433}.Debug|Any CPU.Build.0 = Debug|Any CPU
		{4902FA42-22AA-4B47-8830-EB27C3EB0433}.Release|Any CPU.ActiveCfg = Release|Any CPU
		{4902FA42-22AA-4B47-8830-EB27C3EB0433}.Release|Any CPU.Build.0 = Release|Any CPU
	EndGlobalSection
	GlobalSection(SolutionProperties) = preSolution
		HideSolutionNode = FALSE
	EndGlobalSection
	GlobalSection(ExtensibilityGlobals) = postSolution
		SolutionGuid = {D7F22A90-B2EF-4823-A747-EAA89ACBE58B}
	EndGlobalSection
EndGlobal
